
Microsoft Visual Studio Solution File, Format Version 12.00
# Visual Studio Version 16
VisualStudioVersion = 16.0.30503.244
MinimumVisualStudioVersion = 10.0.40219.1
Project("{FAE04EC0-301F-11D3-BF4B-00C04F79EFBC}") = "Finalprog", "Finalprog\Finalprog.csproj", "{080268E8-6048-4504-BB5A-B57FCDB77BF7}"
EndProject
Global
	GlobalSection(SolutionConfigurationPlatforms) = preSolution
		Debug|Any CPU = Debug|Any CPU
		Release|Any CPU = Release|Any CPU
	EndGlobalSection
	GlobalSection(ProjectConfigurationPlatforms) = postSolution
		{080268E8-6048-4504-BB5A-B57FCDB77BF7}.Debug|Any CPU.ActiveCfg = Debug|Any CPU
		{080268E8-6048-4504-BB5A-B57FCDB77BF7}.Debug|Any CPU.Build.0 = Debug|Any CPU
		{080268E8-6048-4504-BB5A-B57FCDB77BF7}.Release|Any CPU.ActiveCfg = Release|Any CPU
		{080268E8-6048-4504-BB5A-B57FCDB77BF7}.Release|Any CPU.Build.0 = Release|Any CPU
	EndGlobalSection
	GlobalSection(SolutionProperties) = preSolution
		HideSolutionNode = FALSE
	EndGlobalSection
	GlobalSection(ExtensibilityGlobals) = postSolution
		SolutionGuid = {C620B946-41DA-413C-9E9A-F090F7D27894}
	EndGlobalSection
EndGlobal
